
Microsoft Visual Studio Solution File, Format Version 12.00
# Visual Studio Version 16
VisualStudioVersion = 16.0.29009.5
MinimumVisualStudioVersion = 10.0.40219.1
Project("{FAE04EC0-301F-11D3-BF4B-00C04F79EFBC}") = "FlowBlot", "FlowBlot.csproj", "{58A95A57-19F5-4789-8570-17C4287B7984}"
EndProject
Global
	GlobalSection(SolutionConfigurationPlatforms) = preSolution
		Debug|Any CPU = Debug|Any CPU
		Release|Any CPU = Release|Any CPU
	EndGlobalSection
	GlobalSection(ProjectConfigurationPlatforms) = postSolution
		{58A95A57-19F5-4789-8570-17C4287B7984}.Debug|Any CPU.ActiveCfg = Debug|Any CPU
		{58A95A57-19F5-4789-8570-17C4287B7984}.Debug|Any CPU.Build.0 = Debug|Any CPU
		{58A95A57-19F5-4789-8570-17C4287B7984}.Release|Any CPU.ActiveCfg = Release|Any CPU
		{58A95A57-19F5-4789-8570-17C4287B7984}.Release|Any CPU.Build.0 = Release|Any CPU
	EndGlobalSection
	GlobalSection(SolutionProperties) = preSolution
		HideSolutionNode = FALSE
	EndGlobalSection
	GlobalSection(ExtensibilityGlobals) = postSolution
		SolutionGuid = {6D52CFDB-B7A6-408B-9D4A-9A5B870BD58A}
	EndGlobalSection
EndGlobal
